
Microsoft Visual Studio Solution File, Format Version 12.00
# Visual Studio Version 17
VisualStudioVersion = 17.0.31903.59
MinimumVisualStudioVersion = 10.0.40219.1
Project("{2150E333-8FDC-42A3-9474-1A3956D46DE8}") = "src", "src", "{827E0CD3-B72D-47B6-A68D-7590B98EB39B}"
EndProject
Project("{FAE04EC0-301F-11D3-BF4B-00C04F79EFBC}") = "FSGAP.Abstractions", "src\FSGAP.Abstractions\FSGAP.Abstractions.csproj", "{DFCC4FA8-3BC2-4AD9-A495-8C7297A969D3}"
EndProject
Project("{FAE04EC0-301F-11D3-BF4B-00C04F79EFBC}") = "FSGAP.Core", "src\FSGAP.Core\FSGAP.Core.csproj", "{80DD256D-BE78-4B07-847D-ABEA1FB8E4F6}"
EndProject
Project("{FAE04EC0-301F-11D3-BF4B-00C04F79EFBC}") = "FSGAP.Fenix", "src\FSGAP.Fenix\FSGAP.Fenix.csproj", "{27F4C507-A550-499F-BCEB-79EE98F101F9}"
EndProject
Project("{2150E333-8FDC-42A3-9474-1A3956D46DE8}") = "tests", "tests", "{0AB3BF05-4346-4AA6-1389-037BE0695223}"
EndProject
Project("{FAE04EC0-301F-11D3-BF4B-00C04F79EFBC}") = "FSGAP.Abstractions.Tests", "tests\FSGAP.Abstractions.Tests\FSGAP.Abstractions.Tests.csproj", "{95F0CC57-6300-4FB2-9CD8-9C68AB5C3B67}"
EndProject
Project("{FAE04EC0-301F-11D3-BF4B-00C04F79EFBC}") = "FSGAP.Core.Tests", "tests\FSGAP.Core.Tests\FSGAP.Core.Tests.csproj", "{00A08A74-B891-4AFB-8C7E-F32B01A03847}"
EndProject
Project("{FAE04EC0-301F-11D3-BF4B-00C04F79EFBC}") = "FSGAP.Fenix.Tests", "tests\FSGAP.Fenix.Tests\FSGAP.Fenix.Tests.csproj", "{BC80AE6F-0147-4031-BD09-312520658829}"
EndProject
Project("{FAE04EC0-301F-11D3-BF4B-00C04F79EFBC}") = "FSGAP.SimConnect", "src\FSGAP.SimConnect\FSGAP.SimConnect.csproj", "{1082BA23-A407-4482-918C-239C52117F92}"
EndProject
Project("{FAE04EC0-301F-11D3-BF4B-00C04F79EFBC}") = "FSGAP.SimConnect.Tests", "tests\FSGAP.SimConnect.Tests\FSGAP.SimConnect.Tests.csproj", "{85C69F76-6B22-45DD-96FE-485856DAC8FB}"
EndProject
Project("{2150E333-8FDC-42A3-9474-1A3956D46DE8}") = "samples", "samples", "{5D20AA90-6969-D8BD-9DCD-8634F4692FDA}"
EndProject
Project("{FAE04EC0-301F-11D3-BF4B-00C04F79EFBC}") = "FSGAP.SimConnect.Console", "samples\FSGAP.SimConnect.Console\FSGAP.SimConnect.Console.csproj", "{750A3ED0-71B2-4445-AA41-FA7E5B560644}"
EndProject
Global
	GlobalSection(SolutionConfigurationPlatforms) = preSolution
		Debug|Any CPU = Debug|Any CPU
		Debug|x64 = Debug|x64
		Debug|x86 = Debug|x86
		Release|Any CPU = Release|Any CPU
		Release|x64 = Release|x64
		Release|x86 = Release|x86
	EndGlobalSection
	GlobalSection(ProjectConfigurationPlatforms) = postSolution
		{DFCC4FA8-3BC2-4AD9-A495-8C7297A969D3}.Debug|Any CPU.ActiveCfg = Debug|Any CPU
		{DFCC4FA8-3BC2-4AD9-A495-8C7297A969D3}.Debug|Any CPU.Build.0 = Debug|Any CPU
		{DFCC4FA8-3BC2-4AD9-A495-8C7297A969D3}.Debug|x64.ActiveCfg = Debug|Any CPU
		{DFCC4FA8-3BC2-4AD9-A495-8C7297A969D3}.Debug|x64.Build.0 = Debug|Any CPU
		{DFCC4FA8-3BC2-4AD9-A495-8C7297A969D3}.Debug|x86.ActiveCfg = Debug|Any CPU
		{DFCC4FA8-3BC2-4AD9-A495-8C7297A969D3}.Debug|x86.Build.0 = Debug|Any CPU
		{DFCC4FA8-3BC2-4AD9-A495-8C7297A969D3}.Release|Any CPU.ActiveCfg = Release|Any CPU
		{DFCC4FA8-3BC2-4AD9-A495-8C7297A969D3}.Release|Any CPU.Build.0 = Release|Any CPU
		{DFCC4FA8-3BC2-4AD9-A495-8C7297A969D3}.Release|x64.ActiveCfg = Release|Any CPU
		{DFCC4FA8-3BC2-4AD9-A495-8C7297A969D3}.Release|x64.Build.0 = Release|Any CPU
		{DFCC4FA8-3BC2-4AD9-A495-8C7297A969D3}.Release|x86.ActiveCfg = Release|Any CPU
		{DFCC4FA8-3BC2-4AD9-A495-8C7297A969D3}.Release|x86.Build.0 = Release|Any CPU
		{80DD256D-BE78-4B07-847D-ABEA1FB8E4F6}.Debug|Any CPU.ActiveCfg = Debug|Any CPU
		{80DD256D-BE78-4B07-847D-ABEA1FB8E4F6}.Debug|Any CPU.Build.0 = Debug|Any CPU
		{80DD256D-BE78-4B07-847D-ABEA1FB8E4F6}.Debug|x64.ActiveCfg = Debug|Any CPU
		{80DD256D-BE78-4B07-847D-ABEA1FB8E4F6}.Debug|x64.Build.0 = Debug|Any CPU
		{80DD256D-BE78-4B07-847D-ABEA1FB8E4F6}.Debug|x86.ActiveCfg = Debug|Any CPU
		{80DD256D-BE78-4B07-847D-ABEA1FB8E4F6}.Debug|x86.Build.0 = Debug|Any CPU
		{80DD256D-BE78-4B07-847D-ABEA1FB8E4F6}.Release|Any CPU.ActiveCfg = Release|Any CPU
		{80DD256D-BE78-4B07-847D-ABEA1FB8E4F6}.Release|Any CPU.Build.0 = Release|Any CPU
		{80DD256D-BE78-4B07-847D-ABEA1FB8E4F6}.Release|x64.ActiveCfg = Release|Any CPU
		{80DD256D-BE78-4B07-847D-ABEA1FB8E4F6}.Release|x64.Build.0 = Release|Any CPU
		{80DD256D-BE78-4B07-847D-ABEA1FB8E4F6}.Release|x86.ActiveCfg = Release|Any CPU
		{80DD256D-BE78-4B07-847D-ABEA1FB8E4F6}.Release|x86.Build.0 = Release|Any CPU
		{27F4C507-A550-499F-BCEB-79EE98F101F9}.Debug|Any CPU.ActiveCfg = Debug|Any CPU
		{27F4C507-A550-499F-BCEB-79EE98F101F9}.Debug|Any CPU.Build.0 = Debug|Any CPU
		{27F4C507-A550-499F-BCEB-79EE98F101F9}.Debug|x64.ActiveCfg = Debug|Any CPU
		{27F4C507-A550-499F-BCEB-79EE98F101F9}.Debug|x64.Build.0 = Debug|Any CPU
		{27F4C507-A550-499F-BCEB-79EE98F101F9}.Debug|x86.ActiveCfg = Debug|Any CPU
		{27F4C507-A550-499F-BCEB-79EE98F101F9}.Debug|x86.Build.0 = Debug|Any CPU
		{27F4C507-A550-499F-BCEB-79EE98F101F9}.Release|Any CPU.ActiveCfg = Release|Any CPU
		{27F4C507-A550-499F-BCEB-79EE98F101F9}.Release|Any CPU.Build.0 = Release|Any CPU
		{27F4C507-A550-499F-BCEB-79EE98F101F9}.Release|x64.ActiveCfg = Release|Any CPU
		{27F4C507-A550-499F-BCEB-79EE98F101F9}.Release|x64.Build.0 = Release|Any CPU
		{27F4C507-A550-499F-BCEB-79EE98F101F9}.Release|x86.ActiveCfg = Release|Any CPU
		{27F4C507-A550-499F-BCEB-79EE98F101F9}.Release|x86.Build.0 = Release|Any CPU
		{95F0CC57-6300-4FB2-9CD8-9C68AB5C3B67}.Debug|Any CPU.ActiveCfg = Debug|Any CPU
		{95F0CC57-6300-4FB2-9CD8-9C68AB5C3B67}.Debug|Any CPU.Build.0 = Debug|Any CPU
		{95F0CC57-6300-4FB2-9CD8-9C68AB5C3B67}.Debug|x64.ActiveCfg = Debug|Any CPU
		{95F0CC57-6300-4FB2-9CD8-9C68AB5C3B67}.Debug|x64.Build.0 = Debug|Any CPU
		{95F0CC57-6300-4FB2-9CD8-9C68AB5C3B67}.Debug|x86.ActiveCfg = Debug|Any CPU
		{95F0CC57-6300-4FB2-9CD8-9C68AB5C3B67}.Debug|x86.Build.0 = Debug|Any CPU
		{95F0CC57-6300-4FB2-9CD8-9C68AB5C3B67}.Release|Any CPU.ActiveCfg = Release|Any CPU
		{95F0CC57-6300-4FB2-9CD8-9C68AB5C3B67}.Release|Any CPU.Build.0 = Release|Any CPU
		{95F0CC57-6300-4FB2-9CD8-9C68AB5C3B67}.Release|x64.ActiveCfg = Release|Any CPU
		{95F0CC57-6300-4FB2-9CD8-9C68AB5C3B67}.Release|x64.Build.0 = Release|Any CPU
		{95F0CC57-6300-4FB2-9CD8-9C68AB5C3B67}.Release|x86.ActiveCfg = Release|Any CPU
		{95F0CC57-6300-4FB2-9CD8-9C68AB5C3B67}.Release|x86.Build.0 = Release|Any CPU
		{00A08A74-B891-4AFB-8C7E-F32B01A03847}.Debug|Any CPU.ActiveCfg = Debug|Any CPU
		{00A08A74-B891-4AFB-8C7E-F32B01A03847}.Debug|Any CPU.Build.0 = Debug|Any CPU
		{00A08A74-B891-4AFB-8C7E-F32B01A03847}.Debug|x64.ActiveCfg = Debug|Any CPU
		{00A08A74-B891-4AFB-8C7E-F32B01A03847}.Debug|x64.Build.0 = Debug|Any CPU
		{00A08A74-B891-4AFB-8C7E-F32B01A03847}.Debug|x86.ActiveCfg = Debug|Any CPU
		{00A08A74-B891-4AFB-8C7E-F32B01A03847}.Debug|x86.Build.0 = Debug|Any CPU
		{00A08A74-B891-4AFB-8C7E-F32B01A03847}.Release|Any CPU.ActiveCfg = Release|Any CPU
		{00A08A74-B891-4AFB-8C7E-F32B01A03847}.Release|Any CPU.Build.0 = Release|Any CPU
		{00A08A74-B891-4AFB-8C7E-F32B01A03847}.Release|x64.ActiveCfg = Release|Any CPU
		{00A08A74-B891-4AFB-8C7E-F32B01A03847}.Release|x64.Build.0 = Release|Any CPU
		{00A08A74-B891-4AFB-8C7E-F32B01A03847}.Release|x86.ActiveCfg = Release|Any CPU
		{00A08A74-B891-4AFB-8C7E-F32B01A03847}.Release|x86.Build.0 = Release|Any CPU
		{BC80AE6F-0147-4031-BD09-312520658829}.Debug|Any CPU.ActiveCfg = Debug|Any CPU
		{BC80AE6F-0147-4031-BD09-312520658829}.Debug|Any CPU.Build.0 = Debug|Any CPU
		{BC80AE6F-0147-4031-BD09-312520658829}.Debug|x64.ActiveCfg = Debug|Any CPU
		{BC80AE6F-0147-4031-BD09-312520658829}.Debug|x64.Build.0 = Debug|Any CPU
		{BC80AE6F-0147-4031-BD09-312520658829}.Debug|x86.ActiveCfg = Debug|Any CPU
		{BC80AE6F-0147-4031-BD09-312520658829}.Debug|x86.Build.0 = Debug|Any CPU
		{BC80AE6F-0147-4031-BD09-312520658829}.Release|Any CPU.ActiveCfg = Release|Any CPU
		{BC80AE6F-0147-4031-BD09-312520658829}.Release|Any CPU.Build.0 = Release|Any CPU
		{BC80AE6F-0147-4031-BD09-312520658829}.Release|x64.ActiveCfg = Release|Any CPU
		{BC80AE6F-0147-4031-BD09-312520658829}.Release|x64.Build.0 = Release|Any CPU
		{BC80AE6F-0147-4031-BD09-312520658829}.Release|x86.ActiveCfg = Release|Any CPU
		{BC80AE6F-0147-4031-BD09-312520658829}.Release|x86.Build.0 = Release|Any CPU
		{1082BA23-A407-4482-918C-239C52117F92}.Debug|Any CPU.ActiveCfg = Debug|Any CPU
		{1082BA23-A407-4482-918C-239C52117F92}.Debug|Any CPU.Build.0 = Debug|Any CPU
		{1082BA23-A407-4482-918C-239C52117F92}.Debug|x64.ActiveCfg = Debug|Any CPU
		{1082BA23-A407-4482-918C-239C52117F92}.Debug|x64.Build.0 = Debug|Any CPU
		{1082BA23-A407-4482-918C-239C52117F92}.Debug|x86.ActiveCfg = Debug|Any CPU
		{1082BA23-A407-4482-918C-239C52117F92}.Debug|x86.Build.0 = Debug|Any CPU
		{1082BA23-A407-4482-918C-239C52117F92}.Release|Any CPU.ActiveCfg = Release|Any CPU
		{1082BA23-A407-4482-918C-239C52117F92}.Release|Any CPU.Build.0 = Release|Any CPU
		{1082BA23-A407-4482-918C-239C52117F92}.Release|x64.ActiveCfg = Release|Any CPU
		{1082BA23-A407-4482-918C-239C52117F92}.Release|x64.Build.0 = Release|Any CPU
		{1082BA23-A407-4482-918C-239C52117F92}.Release|x86.ActiveCfg = Release|Any CPU
		{1082BA23-A407-4482-918C-239C52117F92}.Release|x86.Build.0 = Release|Any CPU
		{85C69F76-6B22-45DD-96FE-485856DAC8FB}.Debug|Any CPU.ActiveCfg = Debug|Any CPU
		{85C69F76-6B22-45DD-96FE-485856DAC8FB}.Debug|Any CPU.Build.0 = Debug|Any CPU
		{85C69F76-6B22-45DD-96FE-485856DAC8FB}.Debug|x64.ActiveCfg = Debug|Any CPU
		{85C69F76-6B22-45DD-96FE-485856DAC8FB}.Debug|x64.Build.0 = Debug|Any CPU
		{85C69F76-6B22-45DD-96FE-485856DAC8FB}.Debug|x86.ActiveCfg = Debug|Any CPU
		{85C69F76-6B22-45DD-96FE-485856DAC8FB}.Debug|x86.Build.0 = Debug|Any CPU
		{85C69F76-6B22-45DD-96FE-485856DAC8FB}.Release|Any CPU.ActiveCfg = Release|Any CPU
		{85C69F76-6B22-45DD-96FE-485856DAC8FB}.Release|Any CPU.Build.0 = Release|Any CPU
		{85C69F76-6B22-45DD-96FE-485856DAC8FB}.Release|x64.ActiveCfg = Release|Any CPU
		{85C69F76-6B22-45DD-96FE-485856DAC8FB}.Release|x64.Build.0 = Release|Any CPU
		{85C69F76-6B22-45DD-96FE-485856DAC8FB}.Release|x86.ActiveCfg = Release|Any CPU
		{85C69F76-6B22-45DD-96FE-485856DAC8FB}.Release|x86.Build.0 = Release|Any CPU
		{750A3ED0-71B2-4445-AA41-FA7E5B560644}.Debug|Any CPU.ActiveCfg = Debug|Any CPU
		{750A3ED0-71B2-4445-AA41-FA7E5B560644}.Debug|Any CPU.Build.0 = Debug|Any CPU
		{750A3ED0-71B2-4445-AA41-FA7E5B560644}.Debug|x64.ActiveCfg = Debug|Any CPU
		{750A3ED0-71B2-4445-AA41-FA7E5B560644}.Debug|x64.Build.0 = Debug|Any CPU
		{750A3ED0-71B2-4445-AA41-FA7E5B560644}.Debug|x86.ActiveCfg = Debug|Any CPU
		{750A3ED0-71B2-4445-AA41-FA7E5B560644}.Debug|x86.Build.0 = Debug|Any CPU
		{750A3ED0-71B2-4445-AA41-FA7E5B560644}.Release|Any CPU.ActiveCfg = Release|Any CPU
		{750A3ED0-71B2-4445-AA41-FA7E5B560644}.Release|Any CPU.Build.0 = Release|Any CPU
		{750A3ED0-71B2-4445-AA41-FA7E5B560644}.Release|x64.ActiveCfg = Release|Any CPU
		{750A3ED0-71B2-4445-AA41-FA7E5B560644}.Release|x64.Build.0 = Release|Any CPU
		{750A3ED0-71B2-4445-AA41-FA7E5B560644}.Release|x86.ActiveCfg = Release|Any CPU
		{750A3ED0-71B2-4445-AA41-FA7E5B560644}.Release|x86.Build.0 = Release|Any CPU
	EndGlobalSection
	GlobalSection(SolutionProperties) = preSolution
		HideSolutionNode = FALSE
	EndGlobalSection
	GlobalSection(NestedProjects) = preSolution
		{DFCC4FA8-3BC2-4AD9-A495-8C7297A969D3} = {827E0CD3-B72D-47B6-A68D-7590B98EB39B}
		{80DD256D-BE78-4B07-847D-ABEA1FB8E4F6} = {827E0CD3-B72D-47B6-A68D-7590B98EB39B}
		{27F4C507-A550-499F-BCEB-79EE98F101F9} = {827E0CD3-B72D-47B6-A68D-7590B98EB39B}
		{95F0CC57-6300-4FB2-9CD8-9C68AB5C3B67} = {0AB3BF05-4346-4AA6-1389-037BE0695223}
		{00A08A74-B891-4AFB-8C7E-F32B01A03847} = {0AB3BF05-4346-4AA6-1389-037BE0695223}
		{BC80AE6F-0147-4031-BD09-312520658829} = {0AB3BF05-4346-4AA6-1389-037BE0695223}
		{1082BA23-A407-4482-918C-239C52117F92} = {827E0CD3-B72D-47B6-A68D-7590B98EB39B}
		{85C69F76-6B22-45DD-96FE-485856DAC8FB} = {0AB3BF05-4346-4AA6-1389-037BE0695223}
		{750A3ED0-71B2-4445-AA41-FA7E5B560644} = {5D20AA90-6969-D8BD-9DCD-8634F4692FDA}
	EndGlobalSection
EndGlobal
